
Microsoft Visual Studio Solution File, Format Version 11.00
# Visual C# Express 2010
Project("{FAE04EC0-301F-11D3-BF4B-00C04F79EFBC}") = "Sum.cs", "Chapter4\Sum.cs.csproj", "{084602C2-F232-4424-8D33-945F2CB477C1}"
EndProject
Project("{FAE04EC0-301F-11D3-BF4B-00C04F79EFBC}") = "GetVowel.cs", "GetVowel.cs\GetVowel.cs.csproj", "{82CCF0D8-8A40-4F11-B181-A5A58C58CFCB}"
EndProject
Project("{FAE04EC0-301F-11D3-BF4B-00C04F79EFBC}") = "MultiplicationTable", "MultiplicationTable\MultiplicationTable.csproj", "{37D01ABF-EA43-4C5F-9928-DC5F2E6A623F}"
EndProject
Project("{FAE04EC0-301F-11D3-BF4B-00C04F79EFBC}") = "EvenNums", "EvenNums\EvenNums.csproj", "{886D332A-EA9A-41C7-9BDC-4253D0E26813}"
EndProject
Project("{FAE04EC0-301F-11D3-BF4B-00C04F79EFBC}") = "TableOfSquares", "TableOfSquares\TableOfSquares.csproj", "{2BE882E5-570C-4EA4-B6BB-2C6DCBCE3BB9}"
EndProject
Project("{FAE04EC0-301F-11D3-BF4B-00C04F79EFBC}") = "Sum50", "Sum50\Sum50.csproj", "{21442E5C-A7DF-48DC-8943-005CE119ADF5}"
EndProject
Global
	GlobalSection(SolutionConfigurationPlatforms) = preSolution
		Debug|x86 = Debug|x86
		Release|x86 = Release|x86
	EndGlobalSection
	GlobalSection(ProjectConfigurationPlatforms) = postSolution
		{084602C2-F232-4424-8D33-945F2CB477C1}.Debug|x86.ActiveCfg = Debug|x86
		{084602C2-F232-4424-8D33-945F2CB477C1}.Debug|x86.Build.0 = Debug|x86
		{084602C2-F232-4424-8D33-945F2CB477C1}.Release|x86.ActiveCfg = Release|x86
		{084602C2-F232-4424-8D33-945F2CB477C1}.Release|x86.Build.0 = Release|x86
		{82CCF0D8-8A40-4F11-B181-A5A58C58CFCB}.Debug|x86.ActiveCfg = Debug|x86
		{82CCF0D8-8A40-4F11-B181-A5A58C58CFCB}.Debug|x86.Build.0 = Debug|x86
		{82CCF0D8-8A40-4F11-B181-A5A58C58CFCB}.Release|x86.ActiveCfg = Release|x86
		{82CCF0D8-8A40-4F11-B181-A5A58C58CFCB}.Release|x86.Build.0 = Release|x86
		{37D01ABF-EA43-4C5F-9928-DC5F2E6A623F}.Debug|x86.ActiveCfg = Debug|x86
		{37D01ABF-EA43-4C5F-9928-DC5F2E6A623F}.Debug|x86.Build.0 = Debug|x86
		{37D01ABF-EA43-4C5F-9928-DC5F2E6A623F}.Release|x86.ActiveCfg = Release|x86
		{37D01ABF-EA43-4C5F-9928-DC5F2E6A623F}.Release|x86.Build.0 = Release|x86
		{886D332A-EA9A-41C7-9BDC-4253D0E26813}.Debug|x86.ActiveCfg = Debug|x86
		{886D332A-EA9A-41C7-9BDC-4253D0E26813}.Debug|x86.Build.0 = Debug|x86
		{886D332A-EA9A-41C7-9BDC-4253D0E26813}.Release|x86.ActiveCfg = Release|x86
		{886D332A-EA9A-41C7-9BDC-4253D0E26813}.Release|x86.Build.0 = Release|x86
		{2BE882E5-570C-4EA4-B6BB-2C6DCBCE3BB9}.Debug|x86.ActiveCfg = Debug|x86
		{2BE882E5-570C-4EA4-B6BB-2C6DCBCE3BB9}.Debug|x86.Build.0 = Debug|x86
		{2BE882E5-570C-4EA4-B6BB-2C6DCBCE3BB9}.Release|x86.ActiveCfg = Release|x86
		{2BE882E5-570C-4EA4-B6BB-2C6DCBCE3BB9}.Release|x86.Build.0 = Release|x86
		{21442E5C-A7DF-48DC-8943-005CE119ADF5}.Debug|x86.ActiveCfg = Debug|x86
		{21442E5C-A7DF-48DC-8943-005CE119ADF5}.Debug|x86.Build.0 = Debug|x86
		{21442E5C-A7DF-48DC-8943-005CE119ADF5}.Release|x86.ActiveCfg = Release|x86
		{21442E5C-A7DF-48DC-8943-005CE119ADF5}.Release|x86.Build.0 = Release|x86
	EndGlobalSection
	GlobalSection(SolutionProperties) = preSolution
		HideSolutionNode = FALSE
	EndGlobalSection
EndGlobal
